{
  "nodes": {
    "awesome-lint": {
      "inputs": {
        "nixpkgs": [
          "nixpkgs"
        ],
        "systems": [
          "systems"
        ]
      },
      "locked": {
        "lastModified": 1764611393,
        "narHash": "sha256-vvAlyH57CTXQh5PhkKLyOI7TKEbzxbacAC357G/Y+x0=",
        "owner": "tomodachi94",
        "repo": "awesome-lint.nix",
        "rev": "01fb2dea3ba95a1bb159d09e1fc817adca63fb23",
        "type": "github"
      },
      "original": {
        "owner": "tomodachi94",
        "repo": "awesome-lint.nix",
        "type": "github"
      }
    },
    "nixpkgs": {
      "locked": {
        "lastModified": 1787964612,
        "narHash": "sha256-0N9nghg3nwzX6b6qc77EzjR9cu/Z+UR66FlfsCqiURs=",
        "owner": "NixOS",
        "repo": "nixpkgs",
        "rev": "e8be7818e19ada32105a8af937a6a473b38167ca",
        "type": "github"
      },
      "original": {
        "owner": "NixOS",
        "ref": "nixpkgs-unstable",
        "repo": "nixpkgs",
        "type": "github"
      }
    },
    "root": {
      "inputs": {
        "awesome-lint": "awesome-lint",
        "nixpkgs": "nixpkgs",
        "systems": "systems",
        "vale-packages": "vale-packages"
      }
    },
    "systems": {
      "locked": {
        "lastModified": 1681028828,
        "narHash": "sha256-Vy1rq5AaRuLzOxct8nz4T6wlgyUR7zLU309k9mBC768=",
        "owner": "nix-systems",
        "repo": "default",
        "rev": "da67096a3b9bf56a91d16901293e51ba5b49a27e",
        "type": "github"
      },
      "original": {
        "owner": "nix-systems",
        "repo": "default",
        "type": "github"
      }
    },
    "vale-packages": {
      "flake": false,
      "locked": {
        "lastModified": 1787912500,
        "narHash": "sha256-jSroArzlZJN7O6FnQuKbU2wQ68NoRmYpF/5D7B+jkAU=",
        "owner": "errata-ai",
        "repo": "packages",
        "rev": "58c5c37855f0717005fcf2c88eec13bb031964e0",
        "type": "github"
      },
      "original": {
        "owner": "errata-ai",
        "repo": "packages",
        "type": "github"
      }
    }
  },
  "root": "root",
  "version": 7
}
