{
  "nodes": {
    "nixpkgs": {
      "locked": {
        "lastModified": 1761880412,
        "narHash": "sha256-QoJjGd4NstnyOG4mm4KXF+weBzA2AH/7gn1Pmpfcb0A=",
        "owner": "NixOS",
        "repo": "nixpkgs",
        "rev": "a7fc11be66bdfb5cdde611ee5ce381c183da8386",
        "type": "github"
      },
      "original": {
        "owner": "NixOS",
        "ref": "nixpkgs-unstable",
        "repo": "nixpkgs",
        "type": "github"
      }
    },
    "nixpkgs_2": {
      "locked": {
        "lastModified": 1726745986,
        "narHash": "sha256-xB35C2fpz7iyNcj9sn0a+wM2C4CQ6DGTn5VUHogstYs=",
        "owner": "nixos",
        "repo": "nixpkgs",
        "rev": "268bb5090a3c6ac5e1615b38542a868b52ef8088",
        "type": "github"
      },
      "original": {
        "owner": "NixOS",
        "ref": "nixpkgs-unstable",
        "repo": "nixpkgs",
        "type": "github"
      }
    },
    "root": {
      "inputs": {
        "nixpkgs": "nixpkgs",
        "systems": "systems",
        "tomodachi94": "tomodachi94",
        "vale-packages": "vale-packages"
      }
    },
    "systems": {
      "locked": {
        "lastModified": 1681028828,
        "narHash": "sha256-Vy1rq5AaRuLzOxct8nz4T6wlgyUR7zLU309k9mBC768=",
        "owner": "nix-systems",
        "repo": "default",
        "rev": "da67096a3b9bf56a91d16901293e51ba5b49a27e",
        "type": "github"
      },
      "original": {
        "owner": "nix-systems",
        "repo": "default",
        "type": "github"
      }
    },
    "tomodachi94": {
      "inputs": {
        "nixpkgs": "nixpkgs_2"
      },
      "locked": {
        "dir": "pkgs",
        "lastModified": 1757289555,
        "narHash": "sha256-VkPVKj/L+J60XyN5Cyyr89GorBj+CxkPXvN4WzrohKs=",
        "owner": "tomodachi94",
        "repo": "dotfiles",
        "rev": "6ec11d998e14b940ac9041f1dfb9e0cf269565fc",
        "type": "github"
      },
      "original": {
        "dir": "pkgs",
        "owner": "tomodachi94",
        "repo": "dotfiles",
        "type": "github"
      }
    },
    "vale-packages": {
      "flake": false,
      "locked": {
        "lastModified": 1761220905,
        "narHash": "sha256-pf9BBXvgppLLqeEpin/raT6hFV6nNaeBBBCBCVZdiIk=",
        "owner": "errata-ai",
        "repo": "packages",
        "rev": "4ee7c9ce9a3bab4ab7aadba9cd0c69f122a77f87",
        "type": "github"
      },
      "original": {
        "owner": "errata-ai",
        "repo": "packages",
        "type": "github"
      }
    }
  },
  "root": "root",
  "version": 7
}
