{
  "nodes": {
    "nixpkgs": {
      "locked": {
        "lastModified": 1751285371,
        "narHash": "sha256-/hDU+2AUeFFu5qGHO/UyFMc4UG/x5Cw5uXO36KGTk6c=",
        "owner": "NixOS",
        "repo": "nixpkgs",
        "rev": "b9c03fbbaf84d85bb28eee530c7e9edc4021ca1b",
        "type": "github"
      },
      "original": {
        "owner": "NixOS",
        "ref": "nixpkgs-unstable",
        "repo": "nixpkgs",
        "type": "github"
      }
    },
    "root": {
      "inputs": {
        "nixpkgs": "nixpkgs",
        "systems": "systems",
        "vale-packages": "vale-packages"
      }
    },
    "systems": {
      "locked": {
        "lastModified": 1681028828,
        "narHash": "sha256-Vy1rq5AaRuLzOxct8nz4T6wlgyUR7zLU309k9mBC768=",
        "owner": "nix-systems",
        "repo": "default",
        "rev": "da67096a3b9bf56a91d16901293e51ba5b49a27e",
        "type": "github"
      },
      "original": {
        "owner": "nix-systems",
        "repo": "default",
        "type": "github"
      }
    },
    "vale-packages": {
      "flake": false,
      "locked": {
        "lastModified": 1732235668,
        "narHash": "sha256-QXt6Gi2wo/bPQBLAtcEhTIfBQYnGWEgsbSpToSkre5o=",
        "owner": "errata-ai",
        "repo": "packages",
        "rev": "c5042ee0a465566952cb21a775fc8a62b4afe5ed",
        "type": "github"
      },
      "original": {
        "owner": "errata-ai",
        "repo": "packages",
        "type": "github"
      }
    }
  },
  "root": "root",
  "version": 7
}
